lockfileVersion: '9.0'

settings:
  autoInstallPeers: true
  excludeLinksFromLockfile: false

importers:

  .:
    dependencies:
      undici:
        specifier: ^8.1.0
        version: 8.1.0
    devDependencies:
      '@types/node':
        specifier: ^25.6.0
        version: 25.6.0

packages:

  '@types/node@25.6.0':
    resolution: {integrity: sha512-+qIYRKdNYJwY3vRCZMdJbPLJAtGjQBudzZzdzwQYkEPQd+PJGixUL5QfvCLDaULoLv+RhT3LDkwEfKaAkgSmNQ==}

  undici-types@7.19.2:
    resolution: {integrity: sha512-qYVnV5OEm2AW8cJMCpdV20CDyaN3g0AjDlOGf1OW4iaDEx8MwdtChUp4zu4H0VP3nDRF/8RKWH+IPp9uW0YGZg==}

  undici@8.1.0:
    resolution: {integrity: sha512-E9MkTS4xXLnRPYqxH2e6Hr2/49e7WFDKczKcCaFH4VaZs2iNvHMqeIkyUAD9vM8kujy9TjVrRlQ5KkdEJxB2pw==}
    engines: {node: '>=22.19.0'}

snapshots:

  '@types/node@25.6.0':
    dependencies:
      undici-types: 7.19.2

  undici-types@7.19.2: {}

  undici@8.1.0: {}
